
Microsoft Visual Studio Solution File, Format Version 12.00
# Visual Studio Version 16
VisualStudioVersion = 16.0.30523.141
MinimumVisualStudioVersion = 10.0.40219.1
Project("{FAE04EC0-301F-11D3-BF4B-00C04F79EFBC}") = "TestApp", "TestApp\TestApp.csproj", "{A45D2DA2-A055-4EDD-AB99-08F18038D08E}"
EndProject
Global
	GlobalSection(SolutionConfigurationPlatforms) = preSolution
		Debug|Any CPU = Debug|Any CPU
		Release|Any CPU = Release|Any CPU
	EndGlobalSection
	GlobalSection(ProjectConfigurationPlatforms) = postSolution
		{A45D2DA2-A055-4EDD-AB99-08F18038D08E}.Debug|Any CPU.ActiveCfg = Debug|Any CPU
		{A45D2DA2-A055-4EDD-AB99-08F18038D08E}.Debug|Any CPU.Build.0 = Debug|Any CPU
		{A45D2DA2-A055-4EDD-AB99-08F18038D08E}.Release|Any CPU.ActiveCfg = Release|Any CPU
		{A45D2DA2-A055-4EDD-AB99-08F18038D08E}.Release|Any CPU.Build.0 = Release|Any CPU
	EndGlobalSection
	GlobalSection(SolutionProperties) = preSolution
		HideSolutionNode = FALSE
	EndGlobalSection
	GlobalSection(ExtensibilityGlobals) = postSolution
		SolutionGuid = {8FD7AFB4-8150-4827-9F98-A17BAB52BC7F}
	EndGlobalSection
EndGlobal
